
Microsoft Visual Studio Solution File, Format Version 12.00
# Visual Studio Version 16
VisualStudioVersion = 16.0.30523.141
MinimumVisualStudioVersion = 10.0.40219.1
Project("{FAE04EC0-301F-11D3-BF4B-00C04F79EFBC}") = "PartsUnlimitedDemo", "PartsUnlimitedDemo\PartsUnlimitedDemo.csproj", "{99EB2252-668C-498F-983F-D40472AE50BA}"
EndProject
Global
	GlobalSection(SolutionConfigurationPlatforms) = preSolution
		Debug|Any CPU = Debug|Any CPU
		Release|Any CPU = Release|Any CPU
	EndGlobalSection
	GlobalSection(ProjectConfigurationPlatforms) = postSolution
		{99EB2252-668C-498F-983F-D40472AE50BA}.Debug|Any CPU.ActiveCfg = Debug|Any CPU
		{99EB2252-668C-498F-983F-D40472AE50BA}.Debug|Any CPU.Build.0 = Debug|Any CPU
		{99EB2252-668C-498F-983F-D40472AE50BA}.Release|Any CPU.ActiveCfg = Release|Any CPU
		{99EB2252-668C-498F-983F-D40472AE50BA}.Release|Any CPU.Build.0 = Release|Any CPU
	EndGlobalSection
	GlobalSection(SolutionProperties) = preSolution
		HideSolutionNode = FALSE
	EndGlobalSection
	GlobalSection(ExtensibilityGlobals) = postSolution
		SolutionGuid = {FA5E69E4-45C4-4B98-9003-E63D491FBF99}
	EndGlobalSection
EndGlobal
